<?xml version="1.0" encoding="utf-8"?>
<Project ToolsVersion="4.0" xmlns="http://schemas.microsoft.com/developer/msbuild/2003">
  <ItemGroup>
    <Filter Include="ソース ファイル">
      <UniqueIdentifier>{4FC737F1-C7A5-4376-A066-2A32D752A2FF}</UniqueIdentifier>
      <Extensions>cpp;c;cc;cxx;def;odl;idl;hpj;bat;asm;asmx</Extensions>
    </Filter>
    <Filter Include="ヘッダー ファイル">
      <UniqueIdentifier>{93995380-89BD-4b04-88EB-625FBE52EBFB}</UniqueIdentifier>
      <Extensions>h;hpp;hxx;hm;inl;inc;xsd</Extensions>
    </Filter>
    <Filter Include="リソース ファイル">
      <UniqueIdentifier>{67DA6AB6-F800-4c08-8B7A-83BB121AAD01}</UniqueIdentifier>
      <Extensions>rc;ico;cur;bmp;dlg;rc2;rct;bin;rgs;gif;jpg;jpeg;jpe;resx;tiff;tif;png;wav;mfcribbon-ms</Extensions>
    </Filter>
  </ItemGroup>
  <ItemGroup>
    <ClInclude Include="amPic30Extend.h">
      <Filter>ヘッダー ファイル</Filter>
    </ClInclude>
    <ClInclude Include="hmrCom.h">
      <Filter>ヘッダー ファイル</Filter>
    </ClInclude>
    <ClInclude Include="hmrDrive.h">
      <Filter>ヘッダー ファイル</Filter>
    </ClInclude>
    <ClInclude Include="hmrMessage.h">
      <Filter>ヘッダー ファイル</Filter>
    </ClInclude>
    <ClInclude Include="hmrSensor.h">
      <Filter>ヘッダー ファイル</Filter>
    </ClInclude>
    <ClInclude Include="hmrVMC1.h">
      <Filter>ヘッダー ファイル</Filter>
    </ClInclude>
    <ClInclude Include="amPic30_v7.h">
      <Filter>ヘッダー ファイル</Filter>
    </ClInclude>
    <ClInclude Include="hmrBattery.h">
      <Filter>ヘッダー ファイル</Filter>
    </ClInclude>
    <ClInclude Include="hmrDevice_kk07.h">
      <Filter>ヘッダー ファイル</Filter>
    </ClInclude>
    <ClInclude Include="hmrGPS.h">
      <Filter>ヘッダー ファイル</Filter>
    </ClInclude>
    <ClInclude Include="hmrCO2.h">
      <Filter>ヘッダー ファイル</Filter>
    </ClInclude>
    <ClInclude Include="hmrInertial.h">
      <Filter>ヘッダー ファイル</Filter>
    </ClInclude>
    <ClInclude Include="hmrThermo.h">
      <Filter>ヘッダー ファイル</Filter>
    </ClInclude>
    <ClInclude Include="hmrInfraRed.h">
      <Filter>ヘッダー ファイル</Filter>
    </ClInclude>
    <ClInclude Include="hmrSprite.h">
      <Filter>ヘッダー ファイル</Filter>
    </ClInclude>
    <ClInclude Include="hmrData.h">
      <Filter>ヘッダー ファイル</Filter>
    </ClInclude>
    <ClInclude Include="hmrSpriteInterface.h">
      <Filter>ヘッダー ファイル</Filter>
    </ClInclude>
    <ClInclude Include="hmrDevice_kk08.h">
      <Filter>ヘッダー ファイル</Filter>
    </ClInclude>
    <ClInclude Include="hmrSpriteBuffer.h">
      <Filter>ヘッダー ファイル</Filter>
    </ClInclude>
    <ClInclude Include="hmrLoggerMessage_b.h">
      <Filter>ヘッダー ファイル</Filter>
    </ClInclude>
    <ClInclude Include="hmrBufLogger.h">
      <Filter>ヘッダー ファイル</Filter>
    </ClInclude>
    <ClInclude Include="hmrDevice.h">
      <Filter>ヘッダー ファイル</Filter>
    </ClInclude>
  </ItemGroup>
  <ItemGroup>
    <ClCompile Include="hmrCom.c">
      <Filter>ソース ファイル</Filter>
    </ClCompile>
    <ClCompile Include="hmrDrive.c">
      <Filter>ソース ファイル</Filter>
    </ClCompile>
    <ClCompile Include="hmrMessage.c">
      <Filter>ソース ファイル</Filter>
    </ClCompile>
    <ClCompile Include="hmrVMC1.c">
      <Filter>ソース ファイル</Filter>
    </ClCompile>
    <ClCompile Include="amPic30_v7.c">
      <Filter>ソース ファイル</Filter>
    </ClCompile>
    <ClCompile Include="amPic30Extend.c">
      <Filter>ソース ファイル</Filter>
    </ClCompile>
    <ClCompile Include="hmrBattery.c">
      <Filter>ソース ファイル</Filter>
    </ClCompile>
    <ClCompile Include="hmrDevice_kk07.c">
      <Filter>ソース ファイル</Filter>
    </ClCompile>
    <ClCompile Include="hmrGPS.c">
      <Filter>ソース ファイル</Filter>
    </ClCompile>
    <ClCompile Include="hmrCO2.c">
      <Filter>ソース ファイル</Filter>
    </ClCompile>
    <ClCompile Include="hmrInertial.c">
      <Filter>ソース ファイル</Filter>
    </ClCompile>
    <ClCompile Include="hmrThermo.c">
      <Filter>ソース ファイル</Filter>
    </ClCompile>
    <ClCompile Include="hmrInfraRed.c">
      <Filter>ソース ファイル</Filter>
    </ClCompile>
    <ClCompile Include="hmrSprite.c">
      <Filter>ソース ファイル</Filter>
    </ClCompile>
    <ClCompile Include="hmrData.c">
      <Filter>ソース ファイル</Filter>
    </ClCompile>
    <ClCompile Include="hmrSpriteInterface.c">
      <Filter>ソース ファイル</Filter>
    </ClCompile>
    <ClCompile Include="hmLib_v3_04\cqueue.c">
      <Filter>ソース ファイル</Filter>
    </ClCompile>
    <ClCompile Include="hmLib_v3_04\cstack.c">
      <Filter>ソース ファイル</Filter>
    </ClCompile>
    <ClCompile Include="hmLib_v3_04\cdeque.c">
      <Filter>ソース ファイル</Filter>
    </ClCompile>
    <ClCompile Include="hmLib_v3_04\cstring.c">
      <Filter>ソース ファイル</Filter>
    </ClCompile>
    <ClCompile Include="hmrDevice_kk08.c">
      <Filter>ソース ファイル</Filter>
    </ClCompile>
    <ClCompile Include="hmrM2500.c">
      <Filter>ソース ファイル</Filter>
    </ClCompile>
    <ClCompile Include="hmrTask.c">
      <Filter>ソース ファイル</Filter>
    </ClCompile>
    <ClCompile Include="hmrDeviceManage.c">
      <Filter>ソース ファイル</Filter>
    </ClCompile>
    <ClCompile Include="hmrUtility.c">
      <Filter>ソース ファイル</Filter>
    </ClCompile>
    <ClCompile Include="hmrDeviceManageMessage.c">
      <Filter>ソース ファイル</Filter>
    </ClCompile>
    <ClCompile Include="hmrSpriteBuffer.c">
      <Filter>ソース ファイル</Filter>
    </ClCompile>
    <ClCompile Include="hmrLoggerMessage_b.c">
      <Filter>ソース ファイル</Filter>
    </ClCompile>
    <ClCompile Include="hmrBufLogger.c">
      <Filter>ソース ファイル</Filter>
    </ClCompile>
    <ClCompile Include="hmrDevice.c">
      <Filter>ソース ファイル</Filter>
    </ClCompile>
  </ItemGroup>
  <ItemGroup>
    <Text Include="Next.txt" />
  </ItemGroup>
</Project>